// !$*UTF8*$!
{
	archiveVersion = 1;
	classes = {
	};
	objectVersion = 46;
	objects = {

/* Begin PBXBuildFile section */
		850E4FB616BD767300E3E4A9 /* Valeurs_Alertes.m in Sources */ = {isa = PBXBuildFile; fileRef = 850E4FB516BD767300E3E4A9 /* Valeurs_Alertes.m */; };
		854A9C2416D2DFE10042C785 /* AlerteVolumeViewController.m in Sources */ = {isa = PBXBuildFile; fileRef = 854A9C2216D2DFE10042C785 /* AlerteVolumeViewController.m */; };
		8557050A16E71F4D0046A6BF /* MBProgressHUD.m in Sources */ = {isa = PBXBuildFile; fileRef = 8557050916E71F4D0046A6BF /* MBProgressHUD.m */; settings = {COMPILER_FLAGS = "-fno-objc-arc"; }; };
		855FDC7016C6A0EC003CEFFA /* ListeIndicTableViewController.m in Sources */ = {isa = PBXBuildFile; fileRef = 855FDC6F16C6A0EC003CEFFA /* ListeIndicTableViewController.m */; };
		855FDC7416C6B1BB003CEFFA /* Indicateurs.m in Sources */ = {isa = PBXBuildFile; fileRef = 855FDC7316C6B1BB003CEFFA /* Indicateurs.m */; };
		855FDC7B16C6D7A7003CEFFA /* AlerteSeuilViewController.m in Sources */ = {isa = PBXBuildFile; fileRef = 855FDC7A16C6D7A7003CEFFA /* AlerteSeuilViewController.m */; };
		856DC5841614D39100C774B3 /* Detail_ActionViewController.m in Sources */ = {isa = PBXBuildFile; fileRef = 856DC5831614D39100C774B3 /* Detail_ActionViewController.m */; };
		856DC5D81614F2AA00C774B3 /* libCorePlot-CocoaTouch.a in Frameworks */ = {isa = PBXBuildFile; fileRef = 856DC5871614F2AA00C774B3 /* libCorePlot-CocoaTouch.a */; };
		856DC5DA1614F3DB00C774B3 /* QuartzCore.framework in Frameworks */ = {isa = PBXBuildFile; fileRef = 856DC5D91614F3DB00C774B3 /* QuartzCore.framework */; };
		856DC5DC1614F3FC00C774B3 /* Default-568h@2x.png in Resources */ = {isa = PBXBuildFile; fileRef = 856DC5DB1614F3FC00C774B3 /* Default-568h@2x.png */; };
		858529F916A20D8900C072D4 /* AjoutValeurViewController.m in Sources */ = {isa = PBXBuildFile; fileRef = 858529F816A20D8900C072D4 /* AjoutValeurViewController.m */; };
		8592337215CAF5BA00EB0ACF /* AFHTTPClient.m in Sources */ = {isa = PBXBuildFile; fileRef = 8592335D15CAF5BA00EB0ACF /* AFHTTPClient.m */; settings = {COMPILER_FLAGS = "-fno-objc-arc"; }; };
		8592337315CAF5BA00EB0ACF /* AFHTTPRequestOperation.m in Sources */ = {isa = PBXBuildFile; fileRef = 8592335F15CAF5BA00EB0ACF /* AFHTTPRequestOperation.m */; settings = {COMPILER_FLAGS = "-fno-objc-arc"; }; };
		8592337415CAF5BA00EB0ACF /* AFImageCache.m in Sources */ = {isa = PBXBuildFile; fileRef = 8592336115CAF5BA00EB0ACF /* AFImageCache.m */; settings = {COMPILER_FLAGS = "-fno-objc-arc"; }; };
		8592337515CAF5BA00EB0ACF /* AFImageRequestOperation.m in Sources */ = {isa = PBXBuildFile; fileRef = 8592336315CAF5BA00EB0ACF /* AFImageRequestOperation.m */; settings = {COMPILER_FLAGS = "-fno-objc-arc"; }; };
		8592337615CAF5BA00EB0ACF /* AFJSONRequestOperation.m in Sources */ = {isa = PBXBuildFile; fileRef = 8592336515CAF5BA00EB0ACF /* AFJSONRequestOperation.m */; settings = {COMPILER_FLAGS = "-fno-objc-arc"; }; };
		8592337715CAF5BA00EB0ACF /* AFNetworkActivityIndicatorManager.m in Sources */ = {isa = PBXBuildFile; fileRef = 8592336815CAF5BA00EB0ACF /* AFNetworkActivityIndicatorManager.m */; settings = {COMPILER_FLAGS = "-fno-objc-arc"; }; };
		8592337815CAF5BA00EB0ACF /* AFPropertyListRequestOperation.m in Sources */ = {isa = PBXBuildFile; fileRef = 8592336B15CAF5BA00EB0ACF /* AFPropertyListRequestOperation.m */; settings = {COMPILER_FLAGS = "-fno-objc-arc"; }; };
		8592337915CAF5BA00EB0ACF /* AFURLConnectionOperation.m in Sources */ = {isa = PBXBuildFile; fileRef = 8592336D15CAF5BA00EB0ACF /* AFURLConnectionOperation.m */; settings = {COMPILER_FLAGS = "-fno-objc-arc"; }; };
		8592337A15CAF5BA00EB0ACF /* AFXMLRequestOperation.m in Sources */ = {isa = PBXBuildFile; fileRef = 8592336F15CAF5BA00EB0ACF /* AFXMLRequestOperation.m */; settings = {COMPILER_FLAGS = "-fno-objc-arc"; }; };
		8592337B15CAF5BA00EB0ACF /* UIImageView+AFNetworking.m in Sources */ = {isa = PBXBuildFile; fileRef = 8592337115CAF5BA00EB0ACF /* UIImageView+AFNetworking.m */; settings = {COMPILER_FLAGS = "-fno-objc-arc"; }; };
		85A0F835178FFEFC00AEA41B /* StoreKit.framework in Frameworks */ = {isa = PBXBuildFile; fileRef = 85A0F834178FFEFC00AEA41B /* StoreKit.framework */; };
		85A45FF216AE7315006F4717 /* back-button.png in Resources */ = {isa = PBXBuildFile; fileRef = 85A45FEC16AE7315006F4717 /* back-button.png */; };
		85A45FF316AE7315006F4717 /* nav-bar.png in Resources */ = {isa = PBXBuildFile; fileRef = 85A45FED16AE7315006F4717 /* nav-bar.png */; };
		85A45FF416AE7315006F4717 /* bar-button.png in Resources */ = {isa = PBXBuildFile; fileRef = 85A45FEE16AE7315006F4717 /* bar-button.png */; };
		85A45FF516AE7315006F4717 /* bar-button@2x.png in Resources */ = {isa = PBXBuildFile; fileRef = 85A45FEF16AE7315006F4717 /* bar-button@2x.png */; };
		85A45FF616AE7315006F4717 /* back-button@2x.png in Resources */ = {isa = PBXBuildFile; fileRef = 85A45FF016AE7315006F4717 /* back-button@2x.png */; };
		85A45FF716AE7315006F4717 /* nav-bar@2x.png in Resources */ = {isa = PBXBuildFile; fileRef = 85A45FF116AE7315006F4717 /* nav-bar@2x.png */; };
		85BE92B715C1D31C00F06640 /* UIKit.framework in Frameworks */ = {isa = PBXBuildFile; fileRef = 85BE92B615C1D31C00F06640 /* UIKit.framework */; };
		85BE92B915C1D31C00F06640 /* Foundation.framework in Frameworks */ = {isa = PBXBuildFile; fileRef = 85BE92B815C1D31C00F06640 /* Foundation.framework */; };
		85BE92BB15C1D31C00F06640 /* CoreGraphics.framework in Frameworks */ = {isa = PBXBuildFile; fileRef = 85BE92BA15C1D31C00F06640 /* CoreGraphics.framework */; };
		85BE92C115C1D31C00F06640 /* InfoPlist.strings in Resources */ = {isa = PBXBuildFile; fileRef = 85BE92BF15C1D31C00F06640 /* InfoPlist.strings */; };
		85BE92C315C1D31C00F06640 /* main.m in Sources */ = {isa = PBXBuildFile; fileRef = 85BE92C215C1D31C00F06640 /* main.m */; };
		85BE92C715C1D31C00F06640 /* AppDelegate.m in Sources */ = {isa = PBXBuildFile; fileRef = 85BE92C615C1D31C00F06640 /* AppDelegate.m */; };
		85BE92CA15C1D31C00F06640 /* MainStoryboard_iPhone.storyboard in Resources */ = {isa = PBXBuildFile; fileRef = 85BE92C815C1D31C00F06640 /* MainStoryboard_iPhone.storyboard */; };
		85BE92CD15C1D31C00F06640 /* MainStoryboard_iPad.storyboard in Resources */ = {isa = PBXBuildFile; fileRef = 85BE92CB15C1D31C00F06640 /* MainStoryboard_iPad.storyboard */; };
		85BE92D215C1D31C00F06640 /* first.png in Resources */ = {isa = PBXBuildFile; fileRef = 85BE92D115C1D31C00F06640 /* first.png */; };
		85BE92D415C1D31C00F06640 /* first@2x.png in Resources */ = {isa = PBXBuildFile; fileRef = 85BE92D315C1D31C00F06640 /* first@2x.png */; };
		85BE92D715C1D31C00F06640 /* ListValViewController.m in Sources */ = {isa = PBXBuildFile; fileRef = 85BE92D615C1D31C00F06640 /* ListValViewController.m */; };
		85BE92D915C1D31C00F06640 /* second.png in Resources */ = {isa = PBXBuildFile; fileRef = 85BE92D815C1D31C00F06640 /* second.png */; };
		85BE92DB15C1D31C00F06640 /* second@2x.png in Resources */ = {isa = PBXBuildFile; fileRef = 85BE92DA15C1D31C00F06640 /* second@2x.png */; };
		85BE92E315C1D3BC00F06640 /* LOGINViewController.m in Sources */ = {isa = PBXBuildFile; fileRef = 85BE92E215C1D3BC00F06640 /* LOGINViewController.m */; };
		85BE932B15C1E19800F06640 /* MobileCoreServices.framework in Frameworks */ = {isa = PBXBuildFile; fileRef = 85BE932A15C1E19700F06640 /* MobileCoreServices.framework */; };
		85BE932D15C1E1B900F06640 /* SystemConfiguration.framework in Frameworks */ = {isa = PBXBuildFile; fileRef = 85BE932C15C1E1B900F06640 /* SystemConfiguration.framework */; };
		85BE932F15C1E1CA00F06640 /* CFNetwork.framework in Frameworks */ = {isa = PBXBuildFile; fileRef = 85BE932E15C1E1CA00F06640 /* CFNetwork.framework */; };
		85D129AB17945D5D002E4BFC /* Media.xcassets in Resources */ = {isa = PBXBuildFile; fileRef = 85D129AA17945D5D002E4BFC /* Media.xcassets */; };
		85D2258A167CAB8100936B00 /* NSObject+SBJson.m in Sources */ = {isa = PBXBuildFile; fileRef = 85D22572167CAB8100936B00 /* NSObject+SBJson.m */; };
		85D2258B167CAB8100936B00 /* SBJsonParser.m in Sources */ = {isa = PBXBuildFile; fileRef = 85D22575167CAB8100936B00 /* SBJsonParser.m */; };
		85D2258C167CAB8100936B00 /* SBJsonStreamParser.m in Sources */ = {isa = PBXBuildFile; fileRef = 85D22577167CAB8100936B00 /* SBJsonStreamParser.m */; };
		85D2258D167CAB8100936B00 /* SBJsonStreamParserAccumulator.m in Sources */ = {isa = PBXBuildFile; fileRef = 85D22579167CAB8100936B00 /* SBJsonStreamParserAccumulator.m */; };
		85D2258E167CAB8100936B00 /* SBJsonStreamParserAdapter.m in Sources */ = {isa = PBXBuildFile; fileRef = 85D2257B167CAB8100936B00 /* SBJsonStreamParserAdapter.m */; };
		85D2258F167CAB8100936B00 /* SBJsonStreamParserState.m in Sources */ = {isa = PBXBuildFile; fileRef = 85D2257D167CAB8100936B00 /* SBJsonStreamParserState.m */; };
		85D22590167CAB8100936B00 /* SBJsonStreamWriter.m in Sources */ = {isa = PBXBuildFile; fileRef = 85D2257F167CAB8100936B00 /* SBJsonStreamWriter.m */; };
		85D22591167CAB8100936B00 /* SBJsonStreamWriterAccumulator.m in Sources */ = {isa = PBXBuildFile; fileRef = 85D22581167CAB8100936B00 /* SBJsonStreamWriterAccumulator.m */; };
		85D22592167CAB8100936B00 /* SBJsonStreamWriterState.m in Sources */ = {isa = PBXBuildFile; fileRef = 85D22583167CAB8100936B00 /* SBJsonStreamWriterState.m */; };
		85D22593167CAB8100936B00 /* SBJsonTokeniser.m in Sources */ = {isa = PBXBuildFile; fileRef = 85D22585167CAB8100936B00 /* SBJsonTokeniser.m */; };
		85D22594167CAB8100936B00 /* SBJsonUTF8Stream.m in Sources */ = {isa = PBXBuildFile; fileRef = 85D22587167CAB8100936B00 /* SBJsonUTF8Stream.m */; };
		85D22595167CAB8100936B00 /* SBJsonWriter.m in Sources */ = {isa = PBXBuildFile; fileRef = 85D22589167CAB8100936B00 /* SBJsonWriter.m */; };
		85DF802D1642A3AB006647B4 /* Valeurs.m in Sources */ = {isa = PBXBuildFile; fileRef = 85DF802C1642A3AB006647B4 /* Valeurs.m */; };
		85DF802F1642A730006647B4 /* libz.1.2.5.dylib in Frameworks */ = {isa = PBXBuildFile; fileRef = 85DF802E1642A730006647B4 /* libz.1.2.5.dylib */; };
		85DF80311642A742006647B4 /* libsqlite3.0.dylib in Frameworks */ = {isa = PBXBuildFile; fileRef = 85DF80301642A742006647B4 /* libsqlite3.0.dylib */; };
		85F68764169DB4140000E63A /* IndicateursViewController.m in Sources */ = {isa = PBXBuildFile; fileRef = 85F68763169DB4140000E63A /* IndicateursViewController.m */; };
		85F68768169E151A0000E63A /* icon.png in Resources */ = {isa = PBXBuildFile; fileRef = 85F68767169E151A0000E63A /* icon.png */; };
		85F6876A169E15330000E63A /* icon2.png in Resources */ = {isa = PBXBuildFile; fileRef = 85F68769169E15330000E63A /* icon2.png */; };
/* End PBXBuildFile section */

/* Begin PBXFileReference section */
		8501DD14178CBF0300F158AF /* Default@2x.png */ = {isa = PBXFileReference; lastKnownFileType = image.png; path = "Default@2x.png"; sourceTree = "<group>"; };
		850E4FB416BD767300E3E4A9 /* Valeurs_Alertes.h */ = {isa = PBXFileReference; fileEncoding = 4; lastKnownFileType = sourcecode.c.h; path = Valeurs_Alertes.h; sourceTree = "<group>"; };
		850E4FB516BD767300E3E4A9 /* Valeurs_Alertes.m */ = {isa = PBXFileReference; fileEncoding = 4; lastKnownFileType = sourcecode.c.objc; path = Valeurs_Alertes.m; sourceTree = "<group>"; };
		854A9C2116D2DFE10042C785 /* AlerteVolumeViewController.h */ = {isa = PBXFileReference; fileEncoding = 4; lastKnownFileType = sourcecode.c.h; path = AlerteVolumeViewController.h; sourceTree = "<group>"; };
		854A9C2216D2DFE10042C785 /* AlerteVolumeViewController.m */ = {isa = PBXFileReference; fileEncoding = 4; lastKnownFileType = sourcecode.c.objc; path = AlerteVolumeViewController.m; sourceTree = "<group>"; };
		8557050816E71F4D0046A6BF /* MBProgressHUD.h */ = {isa = PBXFileReference; fileEncoding = 4; lastKnownFileType = sourcecode.c.h; path = MBProgressHUD.h; sourceTree = "<group>"; };
		8557050916E71F4D0046A6BF /* MBProgressHUD.m */ = {isa = PBXFileReference; fileEncoding = 4; lastKnownFileType = sourcecode.c.objc; path = MBProgressHUD.m; sourceTree = "<group>"; };
		855FDC6E16C6A0EC003CEFFA /* ListeIndicTableViewController.h */ = {isa = PBXFileReference; fileEncoding = 4; lastKnownFileType = sourcecode.c.h; path = ListeIndicTableViewController.h; sourceTree = "<group>"; };
		855FDC6F16C6A0EC003CEFFA /* ListeIndicTableViewController.m */ = {isa = PBXFileReference; fileEncoding = 4; lastKnownFileType = sourcecode.c.objc; path = ListeIndicTableViewController.m; sourceTree = "<group>"; };
		855FDC7216C6B1BB003CEFFA /* Indicateurs.h */ = {isa = PBXFileReference; fileEncoding = 4; lastKnownFileType = sourcecode.c.h; path = Indicateurs.h; sourceTree = "<group>"; };
		855FDC7316C6B1BB003CEFFA /* Indicateurs.m */ = {isa = PBXFileReference; fileEncoding = 4; lastKnownFileType = sourcecode.c.objc; path = Indicateurs.m; sourceTree = "<group>"; };
		855FDC7916C6D7A7003CEFFA /* AlerteSeuilViewController.h */ = {isa = PBXFileReference; fileEncoding = 4; lastKnownFileType = sourcecode.c.h; path = AlerteSeuilViewController.h; sourceTree = "<group>"; };
		855FDC7A16C6D7A7003CEFFA /* AlerteSeuilViewController.m */ = {isa = PBXFileReference; fileEncoding = 4; lastKnownFileType = sourcecode.c.objc; path = AlerteSeuilViewController.m; sourceTree = "<group>"; };
		856DC5821614D39100C774B3 /* Detail_ActionViewController.h */ = {isa = PBXFileReference; fileEncoding = 4; lastKnownFileType = sourcecode.c.h; path = Detail_ActionViewController.h; sourceTree = "<group>"; };
		856DC5831614D39100C774B3 /* Detail_ActionViewController.m */ = {isa = PBXFileReference; fileEncoding = 4; lastKnownFileType = sourcecode.c.objc; path = Detail_ActionViewController.m; sourceTree = "<group>"; };
		856DC5871614F2AA00C774B3 /* libCorePlot-CocoaTouch.a */ = {isa = PBXFileReference; lastKnownFileType = archive.ar; path = "libCorePlot-CocoaTouch.a"; sourceTree = "<group>"; };
		856DC5891614F2AA00C774B3 /* _CPTConstraintsFixed.h */ = {isa = PBXFileReference; fileEncoding = 4; lastKnownFileType = sourcecode.c.h; path = _CPTConstraintsFixed.h; sourceTree = "<group>"; };
		856DC58A1614F2AA00C774B3 /* _CPTConstraintsRelative.h */ = {isa = PBXFileReference; fileEncoding = 4; lastKnownFileType = sourcecode.c.h; path = _CPTConstraintsRelative.h; sourceTree = "<group>"; };
		856DC58B1614F2AA00C774B3 /* _CPTDarkGradientTheme.h */ = {isa = PBXFileReference; fileEncoding = 4; lastKnownFileType = sourcecode.c.h; path = _CPTDarkGradientTheme.h; sourceTree = "<group>"; };
		856DC58C1614F2AA00C774B3 /* _CPTFillColor.h */ = {isa = PBXFileReference; fileEncoding = 4; lastKnownFileType = sourcecode.c.h; path = _CPTFillColor.h; sourceTree = "<group>"; };
		856DC58D1614F2AA00C774B3 /* _CPTFillGradient.h */ = {isa = PBXFileReference; fileEncoding = 4; lastKnownFileType = sourcecode.c.h; path = _CPTFillGradient.h; sourceTree = "<group>"; };
		856DC58E1614F2AA00C774B3 /* _CPTFillImage.h */ = {isa = PBXFileReference; fileEncoding = 4; lastKnownFileType = sourcecode.c.h; path = _CPTFillImage.h; sourceTree = "<group>"; };
		856DC58F1614F2AA00C774B3 /* _CPTPlainBlackTheme.h */ = {isa = PBXFileReference; fileEncoding = 4; lastKnownFileType = sourcecode.c.h; path = _CPTPlainBlackTheme.h; sourceTree = "<group>"; };
		856DC5901614F2AA00C774B3 /* _CPTPlainWhiteTheme.h */ = {isa = PBXFileReference; fileEncoding = 4; lastKnownFileType = sourcecode.c.h; path = _CPTPlainWhiteTheme.h; sourceTree = "<group>"; };
		856DC5911614F2AA00C774B3 /* _CPTSlateTheme.h */ = {isa = PBXFileReference; fileEncoding = 4; lastKnownFileType = sourcecode.c.h; path = _CPTSlateTheme.h; sourceTree = "<group>"; };
		856DC5921614F2AA00C774B3 /* _CPTStocksTheme.h */ = {isa = PBXFileReference; fileEncoding = 4; lastKnownFileType = sourcecode.c.h; path = _CPTStocksTheme.h; sourceTree = "<group>"; };
		856DC5931614F2AA00C774B3 /* _CPTXYTheme.h */ = {isa = PBXFileReference; fileEncoding = 4; lastKnownFileType = sourcecode.c.h; path = _CPTXYTheme.h; sourceTree = "<group>"; };
		856DC5941614F2AA00C774B3 /* CorePlot-CocoaTouch.h */ = {isa = PBXFileReference; fileEncoding = 4; lastKnownFileType = sourcecode.c.h; path = "CorePlot-CocoaTouch.h"; sourceTree = "<group>"; };
		856DC5951614F2AA00C774B3 /* CPTAnnotation.h */ = {isa = PBXFileReference; fileEncoding = 4; lastKnownFileType = sourcecode.c.h; path = CPTAnnotation.h; sourceTree = "<group>"; };
		856DC5961614F2AA00C774B3 /* CPTAnnotationHostLayer.h */ = {isa = PBXFileReference; fileEncoding = 4; lastKnownFileType = sourcecode.c.h; path = CPTAnnotationHostLayer.h; sourceTree = "<group>"; };
		856DC5971614F2AA00C774B3 /* CPTAxis.h */ = {isa = PBXFileReference; fileEncoding = 4; lastKnownFileType = sourcecode.c.h; path = CPTAxis.h; sourceTree = "<group>"; };
		856DC5981614F2AA00C774B3 /* CPTAxisLabel.h */ = {isa = PBXFileReference; fileEncoding = 4; lastKnownFileType = sourcecode.c.h; path = CPTAxisLabel.h; sourceTree = "<group>"; };
		856DC5991614F2AA00C774B3 /* CPTAxisLabelGroup.h */ = {isa = PBXFileReference; fileEncoding = 4; lastKnownFileType = sourcecode.c.h; path = CPTAxisLabelGroup.h; sourceTree = "<group>"; };
		856DC59A1614F2AA00C774B3 /* CPTAxisSet.h */ = {isa = PBXFileReference; fileEncoding = 4; lastKnownFileType = sourcecode.c.h; path = CPTAxisSet.h; sourceTree = "<group>"; };
		856DC59B1614F2AA00C774B3 /* CPTAxisTitle.h */ = {isa = PBXFileReference; fileEncoding = 4; lastKnownFileType = sourcecode.c.h; path = CPTAxisTitle.h; sourceTree = "<group>"; };
		856DC59C1614F2AA00C774B3 /* CPTBarPlot.h */ = {isa = PBXFileReference; fileEncoding = 4; lastKnownFileType = sourcecode.c.h; path = CPTBarPlot.h; sourceTree = "<group>"; };
		856DC59D1614F2AA00C774B3 /* CPTBorderedLayer.h */ = {isa = PBXFileReference; fileEncoding = 4; lastKnownFileType = sourcecode.c.h; path = CPTBorderedLayer.h; sourceTree = "<group>"; };
		856DC59E1614F2AA00C774B3 /* CPTColor.h */ = {isa = PBXFileReference; fileEncoding = 4; lastKnownFileType = sourcecode.c.h; path = CPTColor.h; sourceTree = "<group>"; };
		856DC59F1614F2AA00C774B3 /* CPTColorSpace.h */ = {isa = PBXFileReference; fileEncoding = 4; lastKnownFileType = sourcecode.c.h; path = CPTColorSpace.h; sourceTree = "<group>"; };
		856DC5A01614F2AA00C774B3 /* CPTConstraints.h */ = {isa = PBXFileReference; fileEncoding = 4; lastKnownFileType = sourcecode.c.h; path = CPTConstraints.h; sourceTree = "<group>"; };
		856DC5A11614F2AA00C774B3 /* CPTDefinitions.h */ = {isa = PBXFileReference; fileEncoding = 4; lastKnownFileType = sourcecode.c.h; path = CPTDefinitions.h; sourceTree = "<group>"; };
		856DC5A21614F2AA00C774B3 /* CPTExceptions.h */ = {isa = PBXFileReference; fileEncoding = 4; lastKnownFileType = sourcecode.c.h; path = CPTExceptions.h; sourceTree = "<group>"; };
		856DC5A31614F2AA00C774B3 /* CPTFill.h */ = {isa = PBXFileReference; fileEncoding = 4; lastKnownFileType = sourcecode.c.h; path = CPTFill.h; sourceTree = "<group>"; };
		856DC5A41614F2AA00C774B3 /* CPTGradient.h */ = {isa = PBXFileReference; fileEncoding = 4; lastKnownFileType = sourcecode.c.h; path = CPTGradient.h; sourceTree = "<group>"; };
		856DC5A51614F2AA00C774B3 /* CPTGraph.h */ = {isa = PBXFileReference; fileEncoding = 4; lastKnownFileType = sourcecode.c.h; path = CPTGraph.h; sourceTree = "<group>"; };
		856DC5A61614F2AA00C774B3 /* CPTGraphHostingView.h */ = {isa = PBXFileReference; fileEncoding = 4; lastKnownFileType = sourcecode.c.h; path = CPTGraphHostingView.h; sourceTree = "<group>"; };
		856DC5A71614F2AA00C774B3 /* CPTGridLineGroup.h */ = {isa = PBXFileReference; fileEncoding = 4; lastKnownFileType = sourcecode.c.h; path = CPTGridLineGroup.h; sourceTree = "<group>"; };
		856DC5A81614F2AA00C774B3 /* CPTGridLines.h */ = {isa = PBXFileReference; fileEncoding = 4; lastKnownFileType = sourcecode.c.h; path = CPTGridLines.h; sourceTree = "<group>"; };
		856DC5A91614F2AA00C774B3 /* CPTImage.h */ = {isa = PBXFileReference; fileEncoding = 4; lastKnownFileType = sourcecode.c.h; path = CPTImage.h; sourceTree = "<group>"; };
		856DC5AA1614F2AA00C774B3 /* CPTLayer.h */ = {isa = PBXFileReference; fileEncoding = 4; lastKnownFileType = sourcecode.c.h; path = CPTLayer.h; sourceTree = "<group>"; };
		856DC5AB1614F2AA00C774B3 /* CPTLayerAnnotation.h */ = {isa = PBXFileReference; fileEncoding = 4; lastKnownFileType = sourcecode.c.h; path = CPTLayerAnnotation.h; sourceTree = "<group>"; };
		856DC5AC1614F2AA00C774B3 /* CPTLegend.h */ = {isa = PBXFileReference; fileEncoding = 4; lastKnownFileType = sourcecode.c.h; path = CPTLegend.h; sourceTree = "<group>"; };
		856DC5AD1614F2AA00C774B3 /* CPTLegendEntry.h */ = {isa = PBXFileReference; fileEncoding = 4; lastKnownFileType = sourcecode.c.h; path = CPTLegendEntry.h; sourceTree = "<group>"; };
		856DC5AE1614F2AA00C774B3 /* CPTLimitBand.h */ = {isa = PBXFileReference; fileEncoding = 4; lastKnownFileType = sourcecode.c.h; path = CPTLimitBand.h; sourceTree = "<group>"; };
		856DC5AF1614F2AA00C774B3 /* CPTLineCap.h */ = {isa = PBXFileReference; fileEncoding = 4; lastKnownFileType = sourcecode.c.h; path = CPTLineCap.h; sourceTree = "<group>"; };
		856DC5B01614F2AA00C774B3 /* CPTLineStyle.h */ = {isa = PBXFileReference; fileEncoding = 4; lastKnownFileType = sourcecode.c.h; path = CPTLineStyle.h; sourceTree = "<group>"; };
		856DC5B11614F2AA00C774B3 /* CPTMutableLineStyle.h */ = {isa = PBXFileReference; fileEncoding = 4; lastKnownFileType = sourcecode.c.h; path = CPTMutableLineStyle.h; sourceTree = "<group>"; };
		856DC5B21614F2AA00C774B3 /* CPTMutableNumericData+TypeConversion.h */ = {isa = PBXFileReference; fileEncoding = 4; lastKnownFileType = sourcecode.c.h; path = "CPTMutableNumericData+TypeConversion.h"; sourceTree = "<group>"; };
		856DC5B31614F2AA00C774B3 /* CPTMutableNumericData.h */ = {isa = PBXFileReference; fileEncoding = 4; lastKnownFileType = sourcecode.c.h; path = CPTMutableNumericData.h; sourceTree = "<group>"; };
		856DC5B41614F2AA00C774B3 /* CPTMutablePlotRange.h */ = {isa = PBXFileReference; fileEncoding = 4; lastKnownFileType = sourcecode.c.h; path = CPTMutablePlotRange.h; sourceTree = "<group>"; };
		856DC5B51614F2AA00C774B3 /* CPTMutableShadow.h */ = {isa = PBXFileReference; fileEncoding = 4; lastKnownFileType = sourcecode.c.h; path = CPTMutableShadow.h; sourceTree = "<group>"; };
		856DC5B61614F2AA00C774B3 /* CPTMutableTextStyle.h */ = {isa = PBXFileReference; fileEncoding = 4; lastKnownFileType = sourcecode.c.h; path = CPTMutableTextStyle.h; sourceTree = "<group>"; };
		856DC5B71614F2AA00C774B3 /* CPTNumericData+TypeConversion.h */ = {isa = PBXFileReference; fileEncoding = 4; lastKnownFileType = sourcecode.c.h; path = "CPTNumericData+TypeConversion.h"; sourceTree = "<group>"; };
		856DC5B81614F2AA00C774B3 /* CPTNumericData.h */ = {isa = PBXFileReference; fileEncoding = 4; lastKnownFileType = sourcecode.c.h; path = CPTNumericData.h; sourceTree = "<group>"; };
		856DC5B91614F2AA00C774B3 /* CPTNumericDataType.h */ = {isa = PBXFileReference; fileEncoding = 4; lastKnownFileType = sourcecode.c.h; path = CPTNumericDataType.h; sourceTree = "<group>"; };
		856DC5BA1614F2AA00C774B3 /* CPTPathExtensions.h */ = {isa = PBXFileReference; fileEncoding = 4; lastKnownFileType = sourcecode.c.h; path = CPTPathExtensions.h; sourceTree = "<group>"; };
		856DC5BB1614F2AA00C774B3 /* CPTPieChart.h */ = {isa = PBXFileReference; fileEncoding = 4; lastKnownFileType = sourcecode.c.h; path = CPTPieChart.h; sourceTree = "<group>"; };
		856DC5BC1614F2AA00C774B3 /* CPTPlatformSpecificCategories.h */ = {isa = PBXFileReference; fileEncoding = 4; lastKnownFileType = sourcecode.c.h; path = CPTPlatformSpecificCategories.h; sourceTree = "<group>"; };
		856DC5BD1614F2AA00C774B3 /* CPTPlatformSpecificDefines.h */ = {isa = PBXFileReference; fileEncoding = 4; lastKnownFileType = sourcecode.c.h; path = CPTPlatformSpecificDefines.h; sourceTree = "<group>"; };
		856DC5BE1614F2AA00C774B3 /* CPTPlatformSpecificFunctions.h */ = {isa = PBXFileReference; fileEncoding = 4; lastKnownFileType = sourcecode.c.h; path = CPTPlatformSpecificFunctions.h; sourceTree = "<group>"; };
		856DC5BF1614F2AA00C774B3 /* CPTPlot.h */ = {isa = PBXFileReference; fileEncoding = 4; lastKnownFileType = sourcecode.c.h; path = CPTPlot.h; sourceTree = "<group>"; };
		856DC5C01614F2AA00C774B3 /* CPTPlotArea.h */ = {isa = PBXFileReference; fileEncoding = 4; lastKnownFileType = sourcecode.c.h; path = CPTPlotArea.h; sourceTree = "<group>"; };
		856DC5C11614F2AA00C774B3 /* CPTPlotAreaFrame.h */ = {isa = PBXFileReference; fileEncoding = 4; lastKnownFileType = sourcecode.c.h; path = CPTPlotAreaFrame.h; sourceTree = "<group>"; };
		856DC5C21614F2AA00C774B3 /* CPTPlotGroup.h */ = {isa = PBXFileReference; fileEncoding = 4; lastKnownFileType = sourcecode.c.h; path = CPTPlotGroup.h; sourceTree = "<group>"; };
		856DC5C31614F2AA00C774B3 /* CPTPlotRange.h */ = {isa = PBXFileReference; fileEncoding = 4; lastKnownFileType = sourcecode.c.h; path = CPTPlotRange.h; sourceTree = "<group>"; };
		856DC5C41614F2AA00C774B3 /* CPTPlotSpace.h */ = {isa = PBXFileReference; fileEncoding = 4; lastKnownFileType = sourcecode.c.h; path = CPTPlotSpace.h; sourceTree = "<group>"; };
		856DC5C51614F2AA00C774B3 /* CPTPlotSpaceAnnotation.h */ = {isa = PBXFileReference; fileEncoding = 4; lastKnownFileType = sourcecode.c.h; path = CPTPlotSpaceAnnotation.h; sourceTree = "<group>"; };
		856DC5C61614F2AA00C774B3 /* CPTPlotSymbol.h */ = {isa = PBXFileReference; fileEncoding = 4; lastKnownFileType = sourcecode.c.h; path = CPTPlotSymbol.h; sourceTree = "<group>"; };
		856DC5C71614F2AA00C774B3 /* CPTRangePlot.h */ = {isa = PBXFileReference; fileEncoding = 4; lastKnownFileType = sourcecode.c.h; path = CPTRangePlot.h; sourceTree = "<group>"; };
		856DC5C81614F2AA00C774B3 /* CPTResponder.h */ = {isa = PBXFileReference; fileEncoding = 4; lastKnownFileType = sourcecode.c.h; path = CPTResponder.h; sourceTree = "<group>"; };
		856DC5C91614F2AA00C774B3 /* CPTScatterPlot.h */ = {isa = PBXFileReference; fileEncoding = 4; lastKnownFileType = sourcecode.c.h; path = CPTScatterPlot.h; sourceTree = "<group>"; };
		856DC5CA1614F2AA00C774B3 /* CPTShadow.h */ = {isa = PBXFileReference; fileEncoding = 4; lastKnownFileType = sourcecode.c.h; path = CPTShadow.h; sourceTree = "<group>"; };
		856DC5CB1614F2AA00C774B3 /* CPTTextLayer.h */ = {isa = PBXFileReference; fileEncoding = 4; lastKnownFileType = sourcecode.c.h; path = CPTTextLayer.h; sourceTree = "<group>"; };
		856DC5CC1614F2AA00C774B3 /* CPTTextStyle.h */ = {isa = PBXFileReference; fileEncoding = 4; lastKnownFileType = sourcecode.c.h; path = CPTTextStyle.h; sourceTree = "<group>"; };
		856DC5CD1614F2AA00C774B3 /* CPTTheme.h */ = {isa = PBXFileReference; fileEncoding = 4; lastKnownFileType = sourcecode.c.h; path = CPTTheme.h; sourceTree = "<group>"; };
		856DC5CE1614F2AA00C774B3 /* CPTTimeFormatter.h */ = {isa = PBXFileReference; fileEncoding = 4; lastKnownFileType = sourcecode.c.h; path = CPTTimeFormatter.h; sourceTree = "<group>"; };
		856DC5CF1614F2AA00C774B3 /* CPTTradingRangePlot.h */ = {isa = PBXFileReference; fileEncoding = 4; lastKnownFileType = sourcecode.c.h; path = CPTTradingRangePlot.h; sourceTree = "<group>"; };
		856DC5D01614F2AA00C774B3 /* CPTUtilities.h */ = {isa = PBXFileReference; fileEncoding = 4; lastKnownFileType = sourcecode.c.h; path = CPTUtilities.h; sourceTree = "<group>"; };
		856DC5D11614F2AA00C774B3 /* CPTXYAxis.h */ = {isa = PBXFileReference; fileEncoding = 4; lastKnownFileType = sourcecode.c.h; path = CPTXYAxis.h; sourceTree = "<group>"; };
		856DC5D21614F2AA00C774B3 /* CPTXYAxisSet.h */ = {isa = PBXFileReference; fileEncoding = 4; lastKnownFileType = sourcecode.c.h; path = CPTXYAxisSet.h; sourceTree = "<group>"; };
		856DC5D31614F2AA00C774B3 /* CPTXYGraph.h */ = {isa = PBXFileReference; fileEncoding = 4; lastKnownFileType = sourcecode.c.h; path = CPTXYGraph.h; sourceTree = "<group>"; };
		856DC5D41614F2AA00C774B3 /* CPTXYPlotSpace.h */ = {isa = PBXFileReference; fileEncoding = 4; lastKnownFileType = sourcecode.c.h; path = CPTXYPlotSpace.h; sourceTree = "<group>"; };
		856DC5D51614F2AA00C774B3 /* NSCoderExtensions.h */ = {isa = PBXFileReference; fileEncoding = 4; lastKnownFileType = sourcecode.c.h; path = NSCoderExtensions.h; sourceTree = "<group>"; };
		856DC5D61614F2AA00C774B3 /* NSDecimalNumberExtensions.h */ = {isa = PBXFileReference; fileEncoding = 4; lastKnownFileType = sourcecode.c.h; path = NSDecimalNumberExtensions.h; sourceTree = "<group>"; };
		856DC5D71614F2AA00C774B3 /* NSNumberExtensions.h */ = {isa = PBXFileReference; fileEncoding = 4; lastKnownFileType = sourcecode.c.h; path = NSNumberExtensions.h; sourceTree = "<group>"; };
		856DC5D91614F3DB00C774B3 /* QuartzCore.framework */ = {isa = PBXFileReference; lastKnownFileType = wrapper.framework; name = QuartzCore.framework; path = System/Library/Frameworks/QuartzCore.framework; sourceTree = SDKROOT; };
		856DC5DB1614F3FC00C774B3 /* Default-568h@2x.png */ = {isa = PBXFileReference; lastKnownFileType = image.png; path = "Default-568h@2x.png"; sourceTree = "<group>"; };
		858529F716A20D8900C072D4 /* AjoutValeurViewController.h */ = {isa = PBXFileReference; fileEncoding = 4; lastKnownFileType = sourcecode.c.h; path = AjoutValeurViewController.h; sourceTree = "<group>"; };
		858529F816A20D8900C072D4 /* AjoutValeurViewController.m */ = {isa = PBXFileReference; fileEncoding = 4; lastKnownFileType = sourcecode.c.objc; path = AjoutValeurViewController.m; sourceTree = "<group>"; };
		8592335C15CAF5BA00EB0ACF /* AFHTTPClient.h */ = {isa = PBXFileReference; fileEncoding = 4; lastKnownFileType = sourcecode.c.h; path = AFHTTPClient.h; sourceTree = "<group>"; };
		8592335D15CAF5BA00EB0ACF /* AFHTTPClient.m */ = {isa = PBXFileReference; fileEncoding = 4; lastKnownFileType = sourcecode.c.objc; path = AFHTTPClient.m; sourceTree = "<group>"; };
		8592335E15CAF5BA00EB0ACF /* AFHTTPRequestOperation.h */ = {isa = PBXFileReference; fileEncoding = 4; lastKnownFileType = sourcecode.c.h; path = AFHTTPRequestOperation.h; sourceTree = "<group>"; };
		8592335F15CAF5BA00EB0ACF /* AFHTTPRequestOperation.m */ = {isa = PBXFileReference; fileEncoding = 4; lastKnownFileType = sourcecode.c.objc; path = AFHTTPRequestOperation.m; sourceTree = "<group>"; };
		8592336015CAF5BA00EB0ACF /* AFImageCache.h */ = {isa = PBXFileReference; fileEncoding = 4; lastKnownFileType = sourcecode.c.h; path = AFImageCache.h; sourceTree = "<group>"; };
		8592336115CAF5BA00EB0ACF /* AFImageCache.m */ = {isa = PBXFileReference; fileEncoding = 4; lastKnownFileType = sourcecode.c.objc; path = AFImageCache.m; sourceTree = "<group>"; };
		8592336215CAF5BA00EB0ACF /* AFImageRequestOperation.h */ = {isa = PBXFileReference; fileEncoding = 4; lastKnownFileType = sourcecode.c.h; path = AFImageRequestOperation.h; sourceTree = "<group>"; };
		8592336315CAF5BA00EB0ACF /* AFImageRequestOperation.m */ = {isa = PBXFileReference; fileEncoding = 4; lastKnownFileType = sourcecode.c.objc; path = AFImageRequestOperation.m; sourceTree = "<group>"; };
		8592336415CAF5BA00EB0ACF /* AFJSONRequestOperation.h */ = {isa = PBXFileReference; fileEncoding = 4; lastKnownFileType = sourcecode.c.h; path = AFJSONRequestOperation.h; sourceTree = "<group>"; };
		8592336515CAF5BA00EB0ACF /* AFJSONRequestOperation.m */ = {isa = PBXFileReference; fileEncoding = 4; lastKnownFileType = sourcecode.c.objc; path = AFJSONRequestOperation.m; sourceTree = "<group>"; };
		8592336615CAF5BA00EB0ACF /* AFJSONUtilities.h */ = {isa = PBXFileReference; fileEncoding = 4; lastKnownFileType = sourcecode.c.h; path = AFJSONUtilities.h; sourceTree = "<group>"; };
		8592336715CAF5BA00EB0ACF /* AFNetworkActivityIndicatorManager.h */ = {isa = PBXFileReference; fileEncoding = 4; lastKnownFileType = sourcecode.c.h; path = AFNetworkActivityIndicatorManager.h; sourceTree = "<group>"; };
		8592336815CAF5BA00EB0ACF /* AFNetworkActivityIndicatorManager.m */ = {isa = PBXFileReference; fileEncoding = 4; lastKnownFileType = sourcecode.c.objc; path = AFNetworkActivityIndicatorManager.m; sourceTree = "<group>"; };
		8592336915CAF5BA00EB0ACF /* AFNetworking.h */ = {isa = PBXFileReference; fileEncoding = 4; lastKnownFileType = sourcecode.c.h; path = AFNetworking.h; sourceTree = "<group>"; };
		8592336A15CAF5BA00EB0ACF /* AFPropertyListRequestOperation.h */ = {isa = PBXFileReference; fileEncoding = 4; lastKnownFileType = sourcecode.c.h; path = AFPropertyListRequestOperation.h; sourceTree = "<group>"; };
		8592336B15CAF5BA00EB0ACF /* AFPropertyListRequestOperation.m */ = {isa = PBXFileReference; fileEncoding = 4; lastKnownFileType = sourcecode.c.objc; path = AFPropertyListRequestOperation.m; sourceTree = "<group>"; };
		8592336C15CAF5BA00EB0ACF /* AFURLConnectionOperation.h */ = {isa = PBXFileReference; fileEncoding = 4; lastKnownFileType = sourcecode.c.h; path = AFURLConnectionOperation.h; sourceTree = "<group>"; };
		8592336D15CAF5BA00EB0ACF /* AFURLConnectionOperation.m */ = {isa = PBXFileReference; fileEncoding = 4; lastKnownFileType = sourcecode.c.objc; path = AFURLConnectionOperation.m; sourceTree = "<group>"; };
		8592336E15CAF5BA00EB0ACF /* AFXMLRequestOperation.h */ = {isa = PBXFileReference; fileEncoding = 4; lastKnownFileType = sourcecode.c.h; path = AFXMLRequestOperation.h; sourceTree = "<group>"; };
		8592336F15CAF5BA00EB0ACF /* AFXMLRequestOperation.m */ = {isa = PBXFileReference; fileEncoding = 4; lastKnownFileType = sourcecode.c.objc; path = AFXMLRequestOperation.m; sourceTree = "<group>"; };
		8592337015CAF5BA00EB0ACF /* UIImageView+AFNetworking.h */ = {isa = PBXFileReference; fileEncoding = 4; lastKnownFileType = sourcecode.c.h; path = "UIImageView+AFNetworking.h"; sourceTree = "<group>"; };
		8592337115CAF5BA00EB0ACF /* UIImageView+AFNetworking.m */ = {isa = PBXFileReference; fileEncoding = 4; lastKnownFileType = sourcecode.c.objc; path = "UIImageView+AFNetworking.m"; sourceTree = "<group>"; };
		85A0F833178FFEEC00AEA41B /* BoursiC3.entitlements */ = {isa = PBXFileReference; lastKnownFileType = text.xml; path = BoursiC3.entitlements; sourceTree = "<group>"; };
		85A0F834178FFEFC00AEA41B /* StoreKit.framework */ = {isa = PBXFileReference; lastKnownFileType = wrapper.framework; name = StoreKit.framework; path = System/Library/Frameworks/StoreKit.framework; sourceTree = SDKROOT; };
		85A45FEC16AE7315006F4717 /* back-button.png */ = {isa = PBXFileReference; lastKnownFileType = image.png; path = "back-button.png"; sourceTree = "<group>"; };
		85A45FED16AE7315006F4717 /* nav-bar.png */ = {isa = PBXFileReference; lastKnownFileType = image.png; path = "nav-bar.png"; sourceTree = "<group>"; };
		85A45FEE16AE7315006F4717 /* bar-button.png */ = {isa = PBXFileReference; lastKnownFileType = image.png; path = "bar-button.png"; sourceTree = "<group>"; };
		85A45FEF16AE7315006F4717 /* bar-button@2x.png */ = {isa = PBXFileReference; lastKnownFileType = image.png; path = "bar-button@2x.png"; sourceTree = "<group>"; };
		85A45FF016AE7315006F4717 /* back-button@2x.png */ = {isa = PBXFileReference; lastKnownFileType = image.png; path = "back-button@2x.png"; sourceTree = "<group>"; };
		85A45FF116AE7315006F4717 /* nav-bar@2x.png */ = {isa = PBXFileReference; lastKnownFileType = image.png; path = "nav-bar@2x.png"; sourceTree = "<group>"; };
		85BE92B215C1D31C00F06640 /* BoursiC3.app */ = {isa = PBXFileReference; explicitFileType = wrapper.application; includeInIndex = 0; path = BoursiC3.app; sourceTree = BUILT_PRODUCTS_DIR; };
		85BE92B615C1D31C00F06640 /* UIKit.framework */ = {isa = PBXFileReference; lastKnownFileType = wrapper.framework; name = UIKit.framework; path = System/Library/Frameworks/UIKit.framework; sourceTree = SDKROOT; };
		85BE92B815C1D31C00F06640 /* Foundation.framework */ = {isa = PBXFileReference; lastKnownFileType = wrapper.framework; name = Foundation.framework; path = System/Library/Frameworks/Foundation.framework; sourceTree = SDKROOT; };
		85BE92BA15C1D31C00F06640 /* CoreGraphics.framework */ = {isa = PBXFileReference; lastKnownFileType = wrapper.framework; name = CoreGraphics.framework; path = System/Library/Frameworks/CoreGraphics.framework; sourceTree = SDKROOT; };
		85BE92BE15C1D31C00F06640 /* BoursiC3-Info.plist */ = {isa = PBXFileReference; lastKnownFileType = text.plist.xml; path = "BoursiC3-Info.plist"; sourceTree = "<group>"; };
		85BE92C015C1D31C00F06640 /* en */ = {isa = PBXFileReference; lastKnownFileType = text.plist.strings; name = en; path = en.lproj/InfoPlist.strings; sourceTree = "<group>"; };
		85BE92C215C1D31C00F06640 /* main.m */ = {isa = PBXFileReference; lastKnownFileType = sourcecode.c.objc; path = main.m; sourceTree = "<group>"; };
		85BE92C415C1D31C00F06640 /* BoursiC3-Prefix.pch */ = {isa = PBXFileReference; lastKnownFileType = sourcecode.c.h; path = "BoursiC3-Prefix.pch"; sourceTree = "<group>"; };
		85BE92C515C1D31C00F06640 /* AppDelegate.h */ = {isa = PBXFileReference; lastKnownFileType = sourcecode.c.h; path = AppDelegate.h; sourceTree = "<group>"; };
		85BE92C615C1D31C00F06640 /* AppDelegate.m */ = {isa = PBXFileReference; lastKnownFileType = sourcecode.c.objc; path = AppDelegate.m; sourceTree = "<group>"; };
		85BE92C915C1D31C00F06640 /* en */ = {isa = PBXFileReference; lastKnownFileType = file.storyboard; name = en; path = en.lproj/MainStoryboard_iPhone.storyboard; sourceTree = "<group>"; };
		85BE92CC15C1D31C00F06640 /* en */ = {isa = PBXFileReference; lastKnownFileType = file.storyboard; name = en; path = en.lproj/MainStoryboard_iPad.storyboard; sourceTree = "<group>"; };
		85BE92D115C1D31C00F06640 /* first.png */ = {isa = PBXFileReference; lastKnownFileType = image.png; path = first.png; sourceTree = "<group>"; };
		85BE92D315C1D31C00F06640 /* first@2x.png */ = {isa = PBXFileReference; lastKnownFileType = image.png; path = "first@2x.png"; sourceTree = "<group>"; };
		85BE92D515C1D31C00F06640 /* ListValViewController.h */ = {isa = PBXFileReference; lastKnownFileType = sourcecode.c.h; path = ListValViewController.h; sourceTree = "<group>"; };
		85BE92D615C1D31C00F06640 /* ListValViewController.m */ = {isa = PBXFileReference; lastKnownFileType = sourcecode.c.objc; path = ListValViewController.m; sourceTree = "<group>"; };
		85BE92D815C1D31C00F06640 /* second.png */ = {isa = PBXFileReference; lastKnownFileType = image.png; path = second.png; sourceTree = "<group>"; };
		85BE92DA15C1D31C00F06640 /* second@2x.png */ = {isa = PBXFileReference; lastKnownFileType = image.png; path = "second@2x.png"; sourceTree = "<group>"; };
		85BE92E115C1D3BC00F06640 /* LOGINViewController.h */ = {isa = PBXFileReference; fileEncoding = 4; lastKnownFileType = sourcecode.c.h; path = LOGINViewController.h; sourceTree = "<group>"; };
		85BE92E215C1D3BC00F06640 /* LOGINViewController.m */ = {isa = PBXFileReference; fileEncoding = 4; lastKnownFileType = sourcecode.c.objc; path = LOGINViewController.m; sourceTree = "<group>"; };
		85BE932A15C1E19700F06640 /* MobileCoreServices.framework */ = {isa = PBXFileReference; lastKnownFileType = wrapper.framework; name = MobileCoreServices.framework; path = System/Library/Frameworks/MobileCoreServices.framework; sourceTree = SDKROOT; };
		85BE932C15C1E1B900F06640 /* SystemConfiguration.framework */ = {isa = PBXFileReference; lastKnownFileType = wrapper.framework; name = SystemConfiguration.framework; path = System/Library/Frameworks/SystemConfiguration.framework; sourceTree = SDKROOT; };
		85BE932E15C1E1CA00F06640 /* CFNetwork.framework */ = {isa = PBXFileReference; lastKnownFileType = wrapper.framework; name = CFNetwork.framework; path = System/Library/Frameworks/CFNetwork.framework; sourceTree = SDKROOT; };
		85CD66961794B37C006ADD85 /* photo.png */ = {isa = PBXFileReference; lastKnownFileType = image.png; path = photo.png; sourceTree = "<group>"; };
		85D129AA17945D5D002E4BFC /* Media.xcassets */ = {isa = PBXFileReference; lastKnownFileType = folder.assetcatalog; name = Media.xcassets; path = BoursiC3/Media.xcassets; sourceTree = "<group>"; };
		85D22571167CAB8100936B00 /* NSObject+SBJson.h */ = {isa = PBXFileReference; fileEncoding = 4; lastKnownFileType = sourcecode.c.h; path = "NSObject+SBJson.h"; sourceTree = "<group>"; };
		85D22572167CAB8100936B00 /* NSObject+SBJson.m */ = {isa = PBXFileReference; fileEncoding = 4; lastKnownFileType = sourcecode.c.objc; path = "NSObject+SBJson.m"; sourceTree = "<group>"; };
		85D22573167CAB8100936B00 /* SBJson.h */ = {isa = PBXFileReference; fileEncoding = 4; lastKnownFileType = sourcecode.c.h; path = SBJson.h; sourceTree = "<group>"; };
		85D22574167CAB8100936B00 /* SBJsonParser.h */ = {isa = PBXFileReference; fileEncoding = 4; lastKnownFileType = sourcecode.c.h; path = SBJsonParser.h; sourceTree = "<group>"; };
		85D22575167CAB8100936B00 /* SBJsonParser.m */ = {isa = PBXFileReference; fileEncoding = 4; lastKnownFileType = sourcecode.c.objc; path = SBJsonParser.m; sourceTree = "<group>"; };
		85D22576167CAB8100936B00 /* SBJsonStreamParser.h */ = {isa = PBXFileReference; fileEncoding = 4; lastKnownFileType = sourcecode.c.h; path = SBJsonStreamParser.h; sourceTree = "<group>"; };
		85D22577167CAB8100936B00 /* SBJsonStreamParser.m */ = {isa = PBXFileReference; fileEncoding = 4; lastKnownFileType = sourcecode.c.objc; path = SBJsonStreamParser.m; sourceTree = "<group>"; };
		85D22578167CAB8100936B00 /* SBJsonStreamParserAccumulator.h */ = {isa = PBXFileReference; fileEncoding = 4; lastKnownFileType = sourcecode.c.h; path = SBJsonStreamParserAccumulator.h; sourceTree = "<group>"; };
		85D22579167CAB8100936B00 /* SBJsonStreamParserAccumulator.m */ = {isa = PBXFileReference; fileEncoding = 4; lastKnownFileType = sourcecode.c.objc; path = SBJsonStreamParserAccumulator.m; sourceTree = "<group>"; };
		85D2257A167CAB8100936B00 /* SBJsonStreamParserAdapter.h */ = {isa = PBXFileReference; fileEncoding = 4; lastKnownFileType = sourcecode.c.h; path = SBJsonStreamParserAdapter.h; sourceTree = "<group>"; };
		85D2257B167CAB8100936B00 /* SBJsonStreamParserAdapter.m */ = {isa = PBXFileReference; fileEncoding = 4; lastKnownFileType = sourcecode.c.objc; path = SBJsonStreamParserAdapter.m; sourceTree = "<group>"; };
		85D2257C167CAB8100936B00 /* SBJsonStreamParserState.h */ = {isa = PBXFileReference; fileEncoding = 4; lastKnownFileType = sourcecode.c.h; path = SBJsonStreamParserState.h; sourceTree = "<group>"; };
		85D2257D167CAB8100936B00 /* SBJsonStreamParserState.m */ = {isa = PBXFileReference; fileEncoding = 4; lastKnownFileType = sourcecode.c.objc; path = SBJsonStreamParserState.m; sourceTree = "<group>"; };
		85D2257E167CAB8100936B00 /* SBJsonStreamWriter.h */ = {isa = PBXFileReference; fileEncoding = 4; lastKnownFileType = sourcecode.c.h; path = SBJsonStreamWriter.h; sourceTree = "<group>"; };
		85D2257F167CAB8100936B00 /* SBJsonStreamWriter.m */ = {isa = PBXFileReference; fileEncoding = 4; lastKnownFileType = sourcecode.c.objc; path = SBJsonStreamWriter.m; sourceTree = "<group>"; };
		85D22580167CAB8100936B00 /* SBJsonStreamWriterAccumulator.h */ = {isa = PBXFileReference; fileEncoding = 4; lastKnownFileType = sourcecode.c.h; path = SBJsonStreamWriterAccumulator.h; sourceTree = "<group>"; };
		85D22581167CAB8100936B00 /* SBJsonStreamWriterAccumulator.m */ = {isa = PBXFileReference; fileEncoding = 4; lastKnownFileType = sourcecode.c.objc; path = SBJsonStreamWriterAccumulator.m; sourceTree = "<group>"; };
		85D22582167CAB8100936B00 /* SBJsonStreamWriterState.h */ = {isa = PBXFileReference; fileEncoding = 4; lastKnownFileType = sourcecode.c.h; path = SBJsonStreamWriterState.h; sourceTree = "<group>"; };
		85D22583167CAB8100936B00 /* SBJsonStreamWriterState.m */ = {isa = PBXFileReference; fileEncoding = 4; lastKnownFileType = sourcecode.c.objc; path = SBJsonStreamWriterState.m; sourceTree = "<group>"; };
		85D22584167CAB8100936B00 /* SBJsonTokeniser.h */ = {isa = PBXFileReference; fileEncoding = 4; lastKnownFileType = sourcecode.c.h; path = SBJsonTokeniser.h; sourceTree = "<group>"; };
		85D22585167CAB8100936B00 /* SBJsonTokeniser.m */ = {isa = PBXFileReference; fileEncoding = 4; lastKnownFileType = sourcecode.c.objc; path = SBJsonTokeniser.m; sourceTree = "<group>"; };
		85D22586167CAB8100936B00 /* SBJsonUTF8Stream.h */ = {isa = PBXFileReference; fileEncoding = 4; lastKnownFileType = sourcecode.c.h; path = SBJsonUTF8Stream.h; sourceTree = "<group>"; };
		85D22587167CAB8100936B00 /* SBJsonUTF8Stream.m */ = {isa = PBXFileReference; fileEncoding = 4; lastKnownFileType = sourcecode.c.objc; path = SBJsonUTF8Stream.m; sourceTree = "<group>"; };
		85D22588167CAB8100936B00 /* SBJsonWriter.h */ = {isa = PBXFileReference; fileEncoding = 4; lastKnownFileType = sourcecode.c.h; path = SBJsonWriter.h; sourceTree = "<group>"; };
		85D22589167CAB8100936B00 /* SBJsonWriter.m */ = {isa = PBXFileReference; fileEncoding = 4; lastKnownFileType = sourcecode.c.objc; path = SBJsonWriter.m; sourceTree = "<group>"; };
		85DF802B1642A3AB006647B4 /* Valeurs.h */ = {isa = PBXFileReference; fileEncoding = 4; lastKnownFileType = sourcecode.c.h; path = Valeurs.h; sourceTree = "<group>"; };
		85DF802C1642A3AB006647B4 /* Valeurs.m */ = {isa = PBXFileReference; fileEncoding = 4; lastKnownFileType = sourcecode.c.objc; path = Valeurs.m; sourceTree = "<group>"; };
		85DF802E1642A730006647B4 /* libz.1.2.5.dylib */ = {isa = PBXFileReference; lastKnownFileType = "compiled.mach-o.dylib"; name = libz.1.2.5.dylib; path = usr/lib/libz.1.2.5.dylib; sourceTree = SDKROOT; };
		85DF80301642A742006647B4 /* libsqlite3.0.dylib */ = {isa = PBXFileReference; lastKnownFileType = "compiled.mach-o.dylib"; name = libsqlite3.0.dylib; path = usr/lib/libsqlite3.0.dylib; sourceTree = SDKROOT; };
		85F68762169DB4140000E63A /* IndicateursViewController.h */ = {isa = PBXFileReference; fileEncoding = 4; lastKnownFileType = sourcecode.c.h; path = IndicateursViewController.h; sourceTree = "<group>"; };
		85F68763169DB4140000E63A /* IndicateursViewController.m */ = {isa = PBXFileReference; fileEncoding = 4; lastKnownFileType = sourcecode.c.objc; path = IndicateursViewController.m; sourceTree = "<group>"; };
		85F68767169E151A0000E63A /* icon.png */ = {isa = PBXFileReference; lastKnownFileType = image.png; path = icon.png; sourceTree = "<group>"; };
		85F68769169E15330000E63A /* icon2.png */ = {isa = PBXFileReference; lastKnownFileType = image.png; path = icon2.png; sourceTree = "<group>"; };
		85F6876B169E15480000E63A /* Default.png */ = {isa = PBXFileReference; lastKnownFileType = image.png; path = Default.png; sourceTree = "<group>"; };
/* End PBXFileReference section */

/* Begin PBXFrameworksBuildPhase section */
		85BE92AF15C1D31C00F06640 /* Frameworks */ = {
			isa = PBXFrameworksBuildPhase;
			buildActionMask = 2147483647;
			files = (
				85A0F835178FFEFC00AEA41B /* StoreKit.framework in Frameworks */,
				85DF80311642A742006647B4 /* libsqlite3.0.dylib in Frameworks */,
				85DF802F1642A730006647B4 /* libz.1.2.5.dylib in Frameworks */,
				856DC5DA1614F3DB00C774B3 /* QuartzCore.framework in Frameworks */,
				85BE932F15C1E1CA00F06640 /* CFNetwork.framework in Frameworks */,
				85BE932D15C1E1B900F06640 /* SystemConfiguration.framework in Frameworks */,
				85BE932B15C1E19800F06640 /* MobileCoreServices.framework in Frameworks */,
				85BE92B715C1D31C00F06640 /* UIKit.framework in Frameworks */,
				85BE92B915C1D31C00F06640 /* Foundation.framework in Frameworks */,
				85BE92BB15C1D31C00F06640 /* CoreGraphics.framework in Frameworks */,
				856DC5D81614F2AA00C774B3 /* libCorePlot-CocoaTouch.a in Frameworks */,
			);
			runOnlyForDeploymentPostprocessing = 0;
		};
/* End PBXFrameworksBuildPhase section */

/* Begin PBXGroup section */
		852AD6B81767D5B1005EA075 /* iPad */ = {
			isa = PBXGroup;
			children = (
			);
			name = iPad;
			sourceTree = "<group>";
		};
		854A9C1F16D2DF700042C785 /* ECRAN 7 : Alerte VOLUMETRIE */ = {
			isa = PBXGroup;
			children = (
				854A9C2116D2DFE10042C785 /* AlerteVolumeViewController.h */,
				854A9C2216D2DFE10042C785 /* AlerteVolumeViewController.m */,
			);
			name = "ECRAN 7 : Alerte VOLUMETRIE";
			sourceTree = "<group>";
		};
		8557050B16E71F540046A6BF /* MBProgressHUD */ = {
			isa = PBXGroup;
			children = (
				8557050816E71F4D0046A6BF /* MBProgressHUD.h */,
				8557050916E71F4D0046A6BF /* MBProgressHUD.m */,
			);
			name = MBProgressHUD;
			sourceTree = "<group>";
		};
		855FDC7116C6A0F5003CEFFA /* ECRAN 5 : LISTE INDICATEURS */ = {
			isa = PBXGroup;
			children = (
				855FDC6E16C6A0EC003CEFFA /* ListeIndicTableViewController.h */,
				855FDC6F16C6A0EC003CEFFA /* ListeIndicTableViewController.m */,
			);
			name = "ECRAN 5 : LISTE INDICATEURS";
			sourceTree = "<group>";
		};
		855FDC7816C6D73E003CEFFA /* ECRAN 6 : Alerte Seuil */ = {
			isa = PBXGroup;
			children = (
				855FDC7916C6D7A7003CEFFA /* AlerteSeuilViewController.h */,
				855FDC7A16C6D7A7003CEFFA /* AlerteSeuilViewController.m */,
			);
			name = "ECRAN 6 : Alerte Seuil";
			sourceTree = "<group>";
		};
		856DC5861614F23500C774B3 /* CorePlot */ = {
			isa = PBXGroup;
			children = (
				856DC5871614F2AA00C774B3 /* libCorePlot-CocoaTouch.a */,
				856DC5881614F2AA00C774B3 /* CorePlotHeaders */,
			);
			name = CorePlot;
			path = AFNetworking;
			sourceTree = "<group>";
		};
		856DC5881614F2AA00C774B3 /* CorePlotHeaders */ = {
			isa = PBXGroup;
			children = (
				856DC5891614F2AA00C774B3 /* _CPTConstraintsFixed.h */,
				856DC58A1614F2AA00C774B3 /* _CPTConstraintsRelative.h */,
				856DC58B1614F2AA00C774B3 /* _CPTDarkGradientTheme.h */,
				856DC58C1614F2AA00C774B3 /* _CPTFillColor.h */,
				856DC58D1614F2AA00C774B3 /* _CPTFillGradient.h */,
				856DC58E1614F2AA00C774B3 /* _CPTFillImage.h */,
				856DC58F1614F2AA00C774B3 /* _CPTPlainBlackTheme.h */,
				856DC5901614F2AA00C774B3 /* _CPTPlainWhiteTheme.h */,
				856DC5911614F2AA00C774B3 /* _CPTSlateTheme.h */,
				856DC5921614F2AA00C774B3 /* _CPTStocksTheme.h */,
				856DC5931614F2AA00C774B3 /* _CPTXYTheme.h */,
				856DC5941614F2AA00C774B3 /* CorePlot-CocoaTouch.h */,
				856DC5951614F2AA00C774B3 /* CPTAnnotation.h */,
				856DC5961614F2AA00C774B3 /* CPTAnnotationHostLayer.h */,
				856DC5971614F2AA00C774B3 /* CPTAxis.h */,
				856DC5981614F2AA00C774B3 /* CPTAxisLabel.h */,
				856DC5991614F2AA00C774B3 /* CPTAxisLabelGroup.h */,
				856DC59A1614F2AA00C774B3 /* CPTAxisSet.h */,
				856DC59B1614F2AA00C774B3 /* CPTAxisTitle.h */,
				856DC59C1614F2AA00C774B3 /* CPTBarPlot.h */,
				856DC59D1614F2AA00C774B3 /* CPTBorderedLayer.h */,
				856DC59E1614F2AA00C774B3 /* CPTColor.h */,
				856DC59F1614F2AA00C774B3 /* CPTColorSpace.h */,
				856DC5A01614F2AA00C774B3 /* CPTConstraints.h */,
				856DC5A11614F2AA00C774B3 /* CPTDefinitions.h */,
				856DC5A21614F2AA00C774B3 /* CPTExceptions.h */,
				856DC5A31614F2AA00C774B3 /* CPTFill.h */,
				856DC5A41614F2AA00C774B3 /* CPTGradient.h */,
				856DC5A51614F2AA00C774B3 /* CPTGraph.h */,
				856DC5A61614F2AA00C774B3 /* CPTGraphHostingView.h */,
				856DC5A71614F2AA00C774B3 /* CPTGridLineGroup.h */,
				856DC5A81614F2AA00C774B3 /* CPTGridLines.h */,
				856DC5A91614F2AA00C774B3 /* CPTImage.h */,
				856DC5AA1614F2AA00C774B3 /* CPTLayer.h */,
				856DC5AB1614F2AA00C774B3 /* CPTLayerAnnotation.h */,
				856DC5AC1614F2AA00C774B3 /* CPTLegend.h */,
				856DC5AD1614F2AA00C774B3 /* CPTLegendEntry.h */,
				856DC5AE1614F2AA00C774B3 /* CPTLimitBand.h */,
				856DC5AF1614F2AA00C774B3 /* CPTLineCap.h */,
				856DC5B01614F2AA00C774B3 /* CPTLineStyle.h */,
				856DC5B11614F2AA00C774B3 /* CPTMutableLineStyle.h */,
				856DC5B21614F2AA00C774B3 /* CPTMutableNumericData+TypeConversion.h */,
				856DC5B31614F2AA00C774B3 /* CPTMutableNumericData.h */,
				856DC5B41614F2AA00C774B3 /* CPTMutablePlotRange.h */,
				856DC5B51614F2AA00C774B3 /* CPTMutableShadow.h */,
				856DC5B61614F2AA00C774B3 /* CPTMutableTextStyle.h */,
				856DC5B71614F2AA00C774B3 /* CPTNumericData+TypeConversion.h */,
				856DC5B81614F2AA00C774B3 /* CPTNumericData.h */,
				856DC5B91614F2AA00C774B3 /* CPTNumericDataType.h */,
				856DC5BA1614F2AA00C774B3 /* CPTPathExtensions.h */,
				856DC5BB1614F2AA00C774B3 /* CPTPieChart.h */,
				856DC5BC1614F2AA00C774B3 /* CPTPlatformSpecificCategories.h */,
				856DC5BD1614F2AA00C774B3 /* CPTPlatformSpecificDefines.h */,
				856DC5BE1614F2AA00C774B3 /* CPTPlatformSpecificFunctions.h */,
				856DC5BF1614F2AA00C774B3 /* CPTPlot.h */,
				856DC5C01614F2AA00C774B3 /* CPTPlotArea.h */,
				856DC5C11614F2AA00C774B3 /* CPTPlotAreaFrame.h */,
				856DC5C21614F2AA00C774B3 /* CPTPlotGroup.h */,
				856DC5C31614F2AA00C774B3 /* CPTPlotRange.h */,
				856DC5C41614F2AA00C774B3 /* CPTPlotSpace.h */,
				856DC5C51614F2AA00C774B3 /* CPTPlotSpaceAnnotation.h */,
				856DC5C61614F2AA00C774B3 /* CPTPlotSymbol.h */,
				856DC5C71614F2AA00C774B3 /* CPTRangePlot.h */,
				856DC5C81614F2AA00C774B3 /* CPTResponder.h */,
				856DC5C91614F2AA00C774B3 /* CPTScatterPlot.h */,
				856DC5CA1614F2AA00C774B3 /* CPTShadow.h */,
				856DC5CB1614F2AA00C774B3 /* CPTTextLayer.h */,
				856DC5CC1614F2AA00C774B3 /* CPTTextStyle.h */,
				856DC5CD1614F2AA00C774B3 /* CPTTheme.h */,
				856DC5CE1614F2AA00C774B3 /* CPTTimeFormatter.h */,
				856DC5CF1614F2AA00C774B3 /* CPTTradingRangePlot.h */,
				856DC5D01614F2AA00C774B3 /* CPTUtilities.h */,
				856DC5D11614F2AA00C774B3 /* CPTXYAxis.h */,
				856DC5D21614F2AA00C774B3 /* CPTXYAxisSet.h */,
				856DC5D31614F2AA00C774B3 /* CPTXYGraph.h */,
				856DC5D41614F2AA00C774B3 /* CPTXYPlotSpace.h */,
				856DC5D51614F2AA00C774B3 /* NSCoderExtensions.h */,
				856DC5D61614F2AA00C774B3 /* NSDecimalNumberExtensions.h */,
				856DC5D71614F2AA00C774B3 /* NSNumberExtensions.h */,
			);
			path = CorePlotHeaders;
			sourceTree = "<group>";
		};
		858529FA16A20DC100C072D4 /* ECRAN 3 : AJOUT VALEUR */ = {
			isa = PBXGroup;
			children = (
				858529F716A20D8900C072D4 /* AjoutValeurViewController.h */,
				858529F816A20D8900C072D4 /* AjoutValeurViewController.m */,
			);
			name = "ECRAN 3 : AJOUT VALEUR";
			sourceTree = "<group>";
		};
		8592335B15CAF5BA00EB0ACF /* AFNetworking */ = {
			isa = PBXGroup;
			children = (
				8592335C15CAF5BA00EB0ACF /* AFHTTPClient.h */,
				8592335D15CAF5BA00EB0ACF /* AFHTTPClient.m */,
				8592335E15CAF5BA00EB0ACF /* AFHTTPRequestOperation.h */,
				8592335F15CAF5BA00EB0ACF /* AFHTTPRequestOperation.m */,
				8592336015CAF5BA00EB0ACF /* AFImageCache.h */,
				8592336115CAF5BA00EB0ACF /* AFImageCache.m */,
				8592336215CAF5BA00EB0ACF /* AFImageRequestOperation.h */,
				8592336315CAF5BA00EB0ACF /* AFImageRequestOperation.m */,
				8592336415CAF5BA00EB0ACF /* AFJSONRequestOperation.h */,
				8592336515CAF5BA00EB0ACF /* AFJSONRequestOperation.m */,
				8592336615CAF5BA00EB0ACF /* AFJSONUtilities.h */,
				8592336715CAF5BA00EB0ACF /* AFNetworkActivityIndicatorManager.h */,
				8592336815CAF5BA00EB0ACF /* AFNetworkActivityIndicatorManager.m */,
				8592336915CAF5BA00EB0ACF /* AFNetworking.h */,
				8592336A15CAF5BA00EB0ACF /* AFPropertyListRequestOperation.h */,
				8592336B15CAF5BA00EB0ACF /* AFPropertyListRequestOperation.m */,
				8592336C15CAF5BA00EB0ACF /* AFURLConnectionOperation.h */,
				8592336D15CAF5BA00EB0ACF /* AFURLConnectionOperation.m */,
				8592336E15CAF5BA00EB0ACF /* AFXMLRequestOperation.h */,
				8592336F15CAF5BA00EB0ACF /* AFXMLRequestOperation.m */,
				8592337015CAF5BA00EB0ACF /* UIImageView+AFNetworking.h */,
				8592337115CAF5BA00EB0ACF /* UIImageView+AFNetworking.m */,
			);
			path = AFNetworking;
			sourceTree = "<group>";
		};
		85BE92A715C1D31C00F06640 = {
			isa = PBXGroup;
			children = (
				85D129AA17945D5D002E4BFC /* Media.xcassets */,
				85F6876B169E15480000E63A /* Default.png */,
				85F68769169E15330000E63A /* icon2.png */,
				8501DD14178CBF0300F158AF /* Default@2x.png */,
				85CD66961794B37C006ADD85 /* photo.png */,
				85DF80301642A742006647B4 /* libsqlite3.0.dylib */,
				85DF802E1642A730006647B4 /* libz.1.2.5.dylib */,
				856DC5DB1614F3FC00C774B3 /* Default-568h@2x.png */,
				856DC5D91614F3DB00C774B3 /* QuartzCore.framework */,
				856DC5861614F23500C774B3 /* CorePlot */,
				8592335B15CAF5BA00EB0ACF /* AFNetworking */,
				85D22570167CAB8100936B00 /* SBJSON */,
				85BE92BC15C1D31C00F06640 /* BoursiC3 */,
				85BE92B515C1D31C00F06640 /* Frameworks */,
				85BE92B315C1D31C00F06640 /* Products */,
			);
			sourceTree = "<group>";
		};
		85BE92B315C1D31C00F06640 /* Products */ = {
			isa = PBXGroup;
			children = (
				85BE92B215C1D31C00F06640 /* BoursiC3.app */,
			);
			name = Products;
			sourceTree = "<group>";
		};
		85BE92B515C1D31C00F06640 /* Frameworks */ = {
			isa = PBXGroup;
			children = (
				85A0F834178FFEFC00AEA41B /* StoreKit.framework */,
				85BE932E15C1E1CA00F06640 /* CFNetwork.framework */,
				85BE932C15C1E1B900F06640 /* SystemConfiguration.framework */,
				85BE932A15C1E19700F06640 /* MobileCoreServices.framework */,
				85BE92B615C1D31C00F06640 /* UIKit.framework */,
				85BE92B815C1D31C00F06640 /* Foundation.framework */,
				85BE92BA15C1D31C00F06640 /* CoreGraphics.framework */,
			);
			name = Frameworks;
			sourceTree = "<group>";
		};
		85BE92BC15C1D31C00F06640 /* BoursiC3 */ = {
			isa = PBXGroup;
			children = (
				85A0F833178FFEEC00AEA41B /* BoursiC3.entitlements */,
				852AD6B81767D5B1005EA075 /* iPad */,
				8557050B16E71F540046A6BF /* MBProgressHUD */,
				85DF80261642A220006647B4 /* ECRAN 1 LOG (ecran log) */,
				85DF80281642A26D006647B4 /* ECRAN 2 :LISTE ACTIONS */,
				858529FA16A20DC100C072D4 /* ECRAN 3 : AJOUT VALEUR */,
				85D26E3E1646B75A00634414 /* ECRAN 4 : LISTE ALERT */,
				855FDC7116C6A0F5003CEFFA /* ECRAN 5 : LISTE INDICATEURS */,
				855FDC7816C6D73E003CEFFA /* ECRAN 6 : Alerte Seuil */,
				854A9C1F16D2DF700042C785 /* ECRAN 7 : Alerte VOLUMETRIE */,
				85F68760169DB3B80000E63A /* Ecran X Indicateurs generaux */,
				85DF802A1642A2DD006647B4 /* Images */,
				85BE92C515C1D31C00F06640 /* AppDelegate.h */,
				85BE92C615C1D31C00F06640 /* AppDelegate.m */,
				85BE92C815C1D31C00F06640 /* MainStoryboard_iPhone.storyboard */,
				85BE92CB15C1D31C00F06640 /* MainStoryboard_iPad.storyboard */,
				85BE92BD15C1D31C00F06640 /* Supporting Files */,
				85DF802B1642A3AB006647B4 /* Valeurs.h */,
				85DF802C1642A3AB006647B4 /* Valeurs.m */,
				850E4FB416BD767300E3E4A9 /* Valeurs_Alertes.h */,
				850E4FB516BD767300E3E4A9 /* Valeurs_Alertes.m */,
				855FDC7216C6B1BB003CEFFA /* Indicateurs.h */,
				855FDC7316C6B1BB003CEFFA /* Indicateurs.m */,
			);
			path = BoursiC3;
			sourceTree = "<group>";
		};
		85BE92BD15C1D31C00F06640 /* Supporting Files */ = {
			isa = PBXGroup;
			children = (
				85BE92BE15C1D31C00F06640 /* BoursiC3-Info.plist */,
				85BE92BF15C1D31C00F06640 /* InfoPlist.strings */,
				85BE92C215C1D31C00F06640 /* main.m */,
				85BE92C415C1D31C00F06640 /* BoursiC3-Prefix.pch */,
			);
			name = "Supporting Files";
			sourceTree = "<group>";
		};
		85D22570167CAB8100936B00 /* SBJSON */ = {
			isa = PBXGroup;
			children = (
				85D22571167CAB8100936B00 /* NSObject+SBJson.h */,
				85D22572167CAB8100936B00 /* NSObject+SBJson.m */,
				85D22573167CAB8100936B00 /* SBJson.h */,
				85D22574167CAB8100936B00 /* SBJsonParser.h */,
				85D22575167CAB8100936B00 /* SBJsonParser.m */,
				85D22576167CAB8100936B00 /* SBJsonStreamParser.h */,
				85D22577167CAB8100936B00 /* SBJsonStreamParser.m */,
				85D22578167CAB8100936B00 /* SBJsonStreamParserAccumulator.h */,
				85D22579167CAB8100936B00 /* SBJsonStreamParserAccumulator.m */,
				85D2257A167CAB8100936B00 /* SBJsonStreamParserAdapter.h */,
				85D2257B167CAB8100936B00 /* SBJsonStreamParserAdapter.m */,
				85D2257C167CAB8100936B00 /* SBJsonStreamParserState.h */,
				85D2257D167CAB8100936B00 /* SBJsonStreamParserState.m */,
				85D2257E167CAB8100936B00 /* SBJsonStreamWriter.h */,
				85D2257F167CAB8100936B00 /* SBJsonStreamWriter.m */,
				85D22580167CAB8100936B00 /* SBJsonStreamWriterAccumulator.h */,
				85D22581167CAB8100936B00 /* SBJsonStreamWriterAccumulator.m */,
				85D22582167CAB8100936B00 /* SBJsonStreamWriterState.h */,
				85D22583167CAB8100936B00 /* SBJsonStreamWriterState.m */,
				85D22584167CAB8100936B00 /* SBJsonTokeniser.h */,
				85D22585167CAB8100936B00 /* SBJsonTokeniser.m */,
				85D22586167CAB8100936B00 /* SBJsonUTF8Stream.h */,
				85D22587167CAB8100936B00 /* SBJsonUTF8Stream.m */,
				85D22588167CAB8100936B00 /* SBJsonWriter.h */,
				85D22589167CAB8100936B00 /* SBJsonWriter.m */,
			);
			path = SBJSON;
			sourceTree = "<group>";
		};
		85D26E3E1646B75A00634414 /* ECRAN 4 : LISTE ALERT */ = {
			isa = PBXGroup;
			children = (
				856DC5821614D39100C774B3 /* Detail_ActionViewController.h */,
				856DC5831614D39100C774B3 /* Detail_ActionViewController.m */,
			);
			name = "ECRAN 4 : LISTE ALERT";
			sourceTree = "<group>";
		};
		85DF80261642A220006647B4 /* ECRAN 1 LOG (ecran log) */ = {
			isa = PBXGroup;
			children = (
				85BE92E115C1D3BC00F06640 /* LOGINViewController.h */,
				85BE92E215C1D3BC00F06640 /* LOGINViewController.m */,
			);
			name = "ECRAN 1 LOG (ecran log)";
			sourceTree = "<group>";
		};
		85DF80281642A26D006647B4 /* ECRAN 2 :LISTE ACTIONS */ = {
			isa = PBXGroup;
			children = (
				85BE92D515C1D31C00F06640 /* ListValViewController.h */,
				85BE92D615C1D31C00F06640 /* ListValViewController.m */,
			);
			name = "ECRAN 2 :LISTE ACTIONS";
			sourceTree = "<group>";
		};
		85DF802A1642A2DD006647B4 /* Images */ = {
			isa = PBXGroup;
			children = (
				85A45FEC16AE7315006F4717 /* back-button.png */,
				85A45FED16AE7315006F4717 /* nav-bar.png */,
				85A45FEE16AE7315006F4717 /* bar-button.png */,
				85A45FEF16AE7315006F4717 /* bar-button@2x.png */,
				85A45FF016AE7315006F4717 /* back-button@2x.png */,
				85A45FF116AE7315006F4717 /* nav-bar@2x.png */,
				85F68767169E151A0000E63A /* icon.png */,
				85BE92D115C1D31C00F06640 /* first.png */,
				85BE92D315C1D31C00F06640 /* first@2x.png */,
				85BE92D815C1D31C00F06640 /* second.png */,
				85BE92DA15C1D31C00F06640 /* second@2x.png */,
			);
			name = Images;
			sourceTree = "<group>";
		};
		85F68760169DB3B80000E63A /* Ecran X Indicateurs generaux */ = {
			isa = PBXGroup;
			children = (
				85F68762169DB4140000E63A /* IndicateursViewController.h */,
				85F68763169DB4140000E63A /* IndicateursViewController.m */,
			);
			name = "Ecran X Indicateurs generaux";
			sourceTree = "<group>";
		};
/* End PBXGroup section */

/* Begin PBXNativeTarget section */
		85BE92B115C1D31C00F06640 /* BoursiC3 */ = {
			isa = PBXNativeTarget;
			buildConfigurationList = 85BE92DE15C1D31C00F06640 /* Build configuration list for PBXNativeTarget "BoursiC3" */;
			buildPhases = (
				85BE92AE15C1D31C00F06640 /* Sources */,
				85BE92AF15C1D31C00F06640 /* Frameworks */,
				85BE92B015C1D31C00F06640 /* Resources */,
			);
			buildRules = (
			);
			dependencies = (
			);
			name = BoursiC3;
			productName = BoursiC3;
			productReference = 85BE92B215C1D31C00F06640 /* BoursiC3.app */;
			productType = "com.apple.product-type.application";
		};
/* End PBXNativeTarget section */

/* Begin PBXProject section */
		85BE92A915C1D31C00F06640 /* Project object */ = {
			isa = PBXProject;
			attributes = {
				LastUpgradeCheck = 0500;
				TargetAttributes = {
					85BE92B115C1D31C00F06640 = {
						DevelopmentTeam = 52FXJMCS22;
						SystemCapabilities = {
							com.apple.InAppPurchase = {
								enabled = 1;
							};
							com.apple.Keychain = {
								enabled = 1;
							};
							com.apple.iCloud = {
								enabled = 1;
							};
						};
					};
				};
			};
			buildConfigurationList = 85BE92AC15C1D31C00F06640 /* Build configuration list for PBXProject "BoursiC3" */;
			compatibilityVersion = "Xcode 3.2";
			developmentRegion = English;
			hasScannedForEncodings = 0;
			knownRegions = (
				en,
			);
			mainGroup = 85BE92A715C1D31C00F06640;
			productRefGroup = 85BE92B315C1D31C00F06640 /* Products */;
			projectDirPath = "";
			projectRoot = "";
			targets = (
				85BE92B115C1D31C00F06640 /* BoursiC3 */,
			);
		};
/* End PBXProject section */

/* Begin PBXResourcesBuildPhase section */
		85BE92B015C1D31C00F06640 /* Resources */ = {
			isa = PBXResourcesBuildPhase;
			buildActionMask = 2147483647;
			files = (
				85BE92C115C1D31C00F06640 /* InfoPlist.strings in Resources */,
				85BE92CA15C1D31C00F06640 /* MainStoryboard_iPhone.storyboard in Resources */,
				85BE92CD15C1D31C00F06640 /* MainStoryboard_iPad.storyboard in Resources */,
				85D129AB17945D5D002E4BFC /* Media.xcassets in Resources */,
				85BE92D215C1D31C00F06640 /* first.png in Resources */,
				85BE92D415C1D31C00F06640 /* first@2x.png in Resources */,
				85BE92D915C1D31C00F06640 /* second.png in Resources */,
				85BE92DB15C1D31C00F06640 /* second@2x.png in Resources */,
				856DC5DC1614F3FC00C774B3 /* Default-568h@2x.png in Resources */,
				85F68768169E151A0000E63A /* icon.png in Resources */,
				85F6876A169E15330000E63A /* icon2.png in Resources */,
				85A45FF216AE7315006F4717 /* back-button.png in Resources */,
				85A45FF316AE7315006F4717 /* nav-bar.png in Resources */,
				85A45FF416AE7315006F4717 /* bar-button.png in Resources */,
				85A45FF516AE7315006F4717 /* bar-button@2x.png in Resources */,
				85A45FF616AE7315006F4717 /* back-button@2x.png in Resources */,
				85A45FF716AE7315006F4717 /* nav-bar@2x.png in Resources */,
			);
			runOnlyForDeploymentPostprocessing = 0;
		};
/* End PBXResourcesBuildPhase section */

/* Begin PBXSourcesBuildPhase section */
		85BE92AE15C1D31C00F06640 /* Sources */ = {
			isa = PBXSourcesBuildPhase;
			buildActionMask = 2147483647;
			files = (
				85BE92C315C1D31C00F06640 /* main.m in Sources */,
				85BE92C715C1D31C00F06640 /* AppDelegate.m in Sources */,
				85BE92D715C1D31C00F06640 /* ListValViewController.m in Sources */,
				85BE92E315C1D3BC00F06640 /* LOGINViewController.m in Sources */,
				8592337215CAF5BA00EB0ACF /* AFHTTPClient.m in Sources */,
				8592337315CAF5BA00EB0ACF /* AFHTTPRequestOperation.m in Sources */,
				8592337415CAF5BA00EB0ACF /* AFImageCache.m in Sources */,
				8592337515CAF5BA00EB0ACF /* AFImageRequestOperation.m in Sources */,
				8592337615CAF5BA00EB0ACF /* AFJSONRequestOperation.m in Sources */,
				8592337715CAF5BA00EB0ACF /* AFNetworkActivityIndicatorManager.m in Sources */,
				8592337815CAF5BA00EB0ACF /* AFPropertyListRequestOperation.m in Sources */,
				8592337915CAF5BA00EB0ACF /* AFURLConnectionOperation.m in Sources */,
				8592337A15CAF5BA00EB0ACF /* AFXMLRequestOperation.m in Sources */,
				8592337B15CAF5BA00EB0ACF /* UIImageView+AFNetworking.m in Sources */,
				856DC5841614D39100C774B3 /* Detail_ActionViewController.m in Sources */,
				85DF802D1642A3AB006647B4 /* Valeurs.m in Sources */,
				85D2258A167CAB8100936B00 /* NSObject+SBJson.m in Sources */,
				85D2258B167CAB8100936B00 /* SBJsonParser.m in Sources */,
				85D2258C167CAB8100936B00 /* SBJsonStreamParser.m in Sources */,
				85D2258D167CAB8100936B00 /* SBJsonStreamParserAccumulator.m in Sources */,
				85D2258E167CAB8100936B00 /* SBJsonStreamParserAdapter.m in Sources */,
				85D2258F167CAB8100936B00 /* SBJsonStreamParserState.m in Sources */,
				85D22590167CAB8100936B00 /* SBJsonStreamWriter.m in Sources */,
				85D22591167CAB8100936B00 /* SBJsonStreamWriterAccumulator.m in Sources */,
				85D22592167CAB8100936B00 /* SBJsonStreamWriterState.m in Sources */,
				85D22593167CAB8100936B00 /* SBJsonTokeniser.m in Sources */,
				85D22594167CAB8100936B00 /* SBJsonUTF8Stream.m in Sources */,
				85D22595167CAB8100936B00 /* SBJsonWriter.m in Sources */,
				85F68764169DB4140000E63A /* IndicateursViewController.m in Sources */,
				858529F916A20D8900C072D4 /* AjoutValeurViewController.m in Sources */,
				850E4FB616BD767300E3E4A9 /* Valeurs_Alertes.m in Sources */,
				855FDC7016C6A0EC003CEFFA /* ListeIndicTableViewController.m in Sources */,
				855FDC7416C6B1BB003CEFFA /* Indicateurs.m in Sources */,
				855FDC7B16C6D7A7003CEFFA /* AlerteSeuilViewController.m in Sources */,
				854A9C2416D2DFE10042C785 /* AlerteVolumeViewController.m in Sources */,
				8557050A16E71F4D0046A6BF /* MBProgressHUD.m in Sources */,
			);
			runOnlyForDeploymentPostprocessing = 0;
		};
/* End PBXSourcesBuildPhase section */

/* Begin PBXVariantGroup section */
		85BE92BF15C1D31C00F06640 /* InfoPlist.strings */ = {
			isa = PBXVariantGroup;
			children = (
				85BE92C015C1D31C00F06640 /* en */,
			);
			name = InfoPlist.strings;
			sourceTree = "<group>";
		};
		85BE92C815C1D31C00F06640 /* MainStoryboard_iPhone.storyboard */ = {
			isa = PBXVariantGroup;
			children = (
				85BE92C915C1D31C00F06640 /* en */,
			);
			name = MainStoryboard_iPhone.storyboard;
			sourceTree = "<group>";
		};
		85BE92CB15C1D31C00F06640 /* MainStoryboard_iPad.storyboard */ = {
			isa = PBXVariantGroup;
			children = (
				85BE92CC15C1D31C00F06640 /* en */,
			);
			name = MainStoryboard_iPad.storyboard;
			sourceTree = "<group>";
		};
/* End PBXVariantGroup section */

/* Begin XCBuildConfiguration section */
		85BE92DC15C1D31C00F06640 /* Debug */ = {
			isa = XCBuildConfiguration;
			buildSettings = {
				ALWAYS_SEARCH_USER_PATHS = NO;
				CLANG_ENABLE_OBJC_ARC = YES;
				CLANG_WARN_BOOL_CONVERSION = YES;
				CLANG_WARN_CONSTANT_CONVERSION = YES;
				CLANG_WARN_EMPTY_BODY = YES;
				CLANG_WARN_ENUM_CONVERSION = YES;
				CLANG_WARN_INT_CONVERSION = YES;
				CLANG_WARN__DUPLICATE_METHOD_MATCH = YES;
				"CODE_SIGN_IDENTITY[sdk=iphoneos*]" = "iPhone Developer: bertrand louis (49Y5V5Y3XE)";
				COPY_PHASE_STRIP = NO;
				GCC_C_LANGUAGE_STANDARD = gnu99;
				GCC_DYNAMIC_NO_PIC = NO;
				GCC_OPTIMIZATION_LEVEL = 0;
				GCC_PREPROCESSOR_DEFINITIONS = (
					"DEBUG=1",
					"$(inherited)",
				);
				GCC_SYMBOLS_PRIVATE_EXTERN = NO;
				GCC_VERSION = com.apple.compilers.llvm.clang.1_0;
				GCC_WARN_ABOUT_RETURN_TYPE = YES;
				GCC_WARN_UNDECLARED_SELECTOR = YES;
				GCC_WARN_UNINITIALIZED_AUTOS = YES;
				GCC_WARN_UNUSED_FUNCTION = YES;
				GCC_WARN_UNUSED_VARIABLE = YES;
				IPHONEOS_DEPLOYMENT_TARGET = 7.0;
				ONLY_ACTIVE_ARCH = YES;
				SDKROOT = iphoneos;
				TARGETED_DEVICE_FAMILY = "1,2";
			};
			name = Debug;
		};
		85BE92DD15C1D31C00F06640 /* Release */ = {
			isa = XCBuildConfiguration;
			buildSettings = {
				ALWAYS_SEARCH_USER_PATHS = NO;
				CLANG_ENABLE_OBJC_ARC = YES;
				CLANG_WARN_BOOL_CONVERSION = YES;
				CLANG_WARN_CONSTANT_CONVERSION = YES;
				CLANG_WARN_EMPTY_BODY = YES;
				CLANG_WARN_ENUM_CONVERSION = YES;
				CLANG_WARN_INT_CONVERSION = YES;
				CLANG_WARN__DUPLICATE_METHOD_MATCH = YES;
				"CODE_SIGN_IDENTITY[sdk=iphoneos*]" = "iPhone Developer: bertrand louis (49Y5V5Y3XE)";
				COPY_PHASE_STRIP = YES;
				GCC_C_LANGUAGE_STANDARD = gnu99;
				GCC_VERSION = com.apple.compilers.llvm.clang.1_0;
				GCC_WARN_ABOUT_RETURN_TYPE = YES;
				GCC_WARN_UNDECLARED_SELECTOR = YES;
				GCC_WARN_UNINITIALIZED_AUTOS = YES;
				GCC_WARN_UNUSED_FUNCTION = YES;
				GCC_WARN_UNUSED_VARIABLE = YES;
				IPHONEOS_DEPLOYMENT_TARGET = 7.0;
				OTHER_CFLAGS = "-DNS_BLOCK_ASSERTIONS=1";
				SDKROOT = iphoneos;
				TARGETED_DEVICE_FAMILY = "1,2";
				VALIDATE_PRODUCT = YES;
			};
			name = Release;
		};
		85BE92DF15C1D31C00F06640 /* Debug */ = {
			isa = XCBuildConfiguration;
			buildSettings = {
				ASSETCATALOG_COMPILER_APPICON_NAME = AppIcon;
				ASSETCATALOG_COMPILER_LAUNCHIMAGE_NAME = LaunchImage;
				CODE_SIGN_ENTITLEMENTS = BoursiC3/BoursiC3.entitlements;
				CODE_SIGN_IDENTITY = "iPhone Developer: bertrand louis (49Y5V5Y3XE)";
				"CODE_SIGN_IDENTITY[sdk=iphoneos*]" = "iPhone Developer: bertrand louis (49Y5V5Y3XE)";
				GCC_PRECOMPILE_PREFIX_HEADER = YES;
				GCC_PREFIX_HEADER = "BoursiC3/BoursiC3-Prefix.pch";
				INFOPLIST_FILE = "BoursiC3/BoursiC3-Info.plist";
				IPHONEOS_DEPLOYMENT_TARGET = 7.0;
				LIBRARY_SEARCH_PATHS = (
					"$(inherited)",
					"\"$(SRCROOT)\"",
					"\"$(SRCROOT)/AFNetworking\"",
				);
				ONLY_ACTIVE_ARCH = YES;
				OTHER_LDFLAGS = "-ObjC";
				PRODUCT_NAME = "$(TARGET_NAME)";
				PROVISIONING_PROFILE = "C1CD9DA5-842B-4D7A-B769-E0E81FE8288E";
				"PROVISIONING_PROFILE[sdk=iphoneos*]" = "";
				SDKROOT = iphoneos7.0;
				TARGETED_DEVICE_FAMILY = 1;
				VALIDATE_PRODUCT = YES;
				WRAPPER_EXTENSION = app;
			};
			name = Debug;
		};
		85BE92E015C1D31C00F06640 /* Release */ = {
			isa = XCBuildConfiguration;
			buildSettings = {
				ASSETCATALOG_COMPILER_APPICON_NAME = AppIcon;
				ASSETCATALOG_COMPILER_LAUNCHIMAGE_NAME = LaunchImage;
				CODE_SIGN_ENTITLEMENTS = BoursiC3/BoursiC3.entitlements;
				CODE_SIGN_IDENTITY = "iPhone Developer: bertrand louis (49Y5V5Y3XE)";
				"CODE_SIGN_IDENTITY[sdk=iphoneos*]" = "iPhone Developer: bertrand louis (49Y5V5Y3XE)";
				GCC_PRECOMPILE_PREFIX_HEADER = YES;
				GCC_PREFIX_HEADER = "BoursiC3/BoursiC3-Prefix.pch";
				INFOPLIST_FILE = "BoursiC3/BoursiC3-Info.plist";
				IPHONEOS_DEPLOYMENT_TARGET = 7.0;
				LIBRARY_SEARCH_PATHS = (
					"$(inherited)",
					"\"$(SRCROOT)\"",
					"\"$(SRCROOT)/AFNetworking\"",
				);
				ONLY_ACTIVE_ARCH = YES;
				OTHER_LDFLAGS = "-ObjC";
				PRODUCT_NAME = "$(TARGET_NAME)";
				PROVISIONING_PROFILE = "";
				SDKROOT = iphoneos7.0;
				TARGETED_DEVICE_FAMILY = 1;
				WRAPPER_EXTENSION = app;
			};
			name = Release;
		};
/* End XCBuildConfiguration section */

/* Begin XCConfigurationList section */
		85BE92AC15C1D31C00F06640 /* Build configuration list for PBXProject "BoursiC3" */ = {
			isa = XCConfigurationList;
			buildConfigurations = (
				85BE92DC15C1D31C00F06640 /* Debug */,
				85BE92DD15C1D31C00F06640 /* Release */,
			);
			defaultConfigurationIsVisible = 0;
			defaultConfigurationName = Release;
		};
		85BE92DE15C1D31C00F06640 /* Build configuration list for PBXNativeTarget "BoursiC3" */ = {
			isa = XCConfigurationList;
			buildConfigurations = (
				85BE92DF15C1D31C00F06640 /* Debug */,
				85BE92E015C1D31C00F06640 /* Release */,
			);
			defaultConfigurationIsVisible = 0;
			defaultConfigurationName = Release;
		};
/* End XCConfigurationList section */
	};
	rootObject = 85BE92A915C1D31C00F06640 /* Project object */;
}
